
Microsoft Visual Studio Solution File, Format Version 12.00
# Visual Studio Version 17
VisualStudioVersion = 17.12.35707.178
MinimumVisualStudioVersion = 10.0.40219.1
Project("{FAE04EC0-301F-11D3-BF4B-00C04F79EFBC}") = "NetCoreAI.Project01_ApiDemo", "NetCoreAI.Project01_ApiDemo\NetCoreAI.Project01_ApiDemo.csproj", "{AD86FAA1-7FB7-41EF-8F07-F78F7EFA6B2D}"
EndProject
Project("{FAE04EC0-301F-11D3-BF4B-00C04F79EFBC}") = "NetCoreAI.Project02_ApiConsumeUI", "NetCoreAI.Project02_ApiConsumeUI\NetCoreAI.Project02_ApiConsumeUI.csproj", "{A93D0F03-61E7-4116-B6CD-9443A84BBA40}"
EndProject
Project("{FAE04EC0-301F-11D3-BF4B-00C04F79EFBC}") = "NetCoreAI.Project03_RapidApi", "NetCoreAI.Project03_RapidApi\NetCoreAI.Project03_RapidApi.csproj", "{47BB6C41-32B4-49B3-A2D6-6462AC86835B}"
EndProject
Project("{FAE04EC0-301F-11D3-BF4B-00C04F79EFBC}") = "NetCoreAI.Project04.OpenAiChat", "NetCoreAI.Project04.OpenAiChat\NetCoreAI.Project04.OpenAiChat.csproj", "{61F271A0-4EC7-497C-B4A8-42C860CD1DE6}"
EndProject
Project("{FAE04EC0-301F-11D3-BF4B-00C04F79EFBC}") = "NetCoreAI.Project05_OpenWhisper.AudioTranskript", "NetCoreAI.Project05_OpenWhisper.AudioTranskript\NetCoreAI.Project05_OpenWhisper.AudioTranskript.csproj", "{0EE541F6-A193-4C62-B91A-89F87597897B}"
EndProject
Global
	GlobalSection(SolutionConfigurationPlatforms) = preSolution
		Debug|Any CPU = Debug|Any CPU
		Release|Any CPU = Release|Any CPU
	EndGlobalSection
	GlobalSection(ProjectConfigurationPlatforms) = postSolution
		{AD86FAA1-7FB7-41EF-8F07-F78F7EFA6B2D}.Debug|Any CPU.ActiveCfg = Debug|Any CPU
		{AD86FAA1-7FB7-41EF-8F07-F78F7EFA6B2D}.Debug|Any CPU.Build.0 = Debug|Any CPU
		{AD86FAA1-7FB7-41EF-8F07-F78F7EFA6B2D}.Release|Any CPU.ActiveCfg = Release|Any CPU
		{AD86FAA1-7FB7-41EF-8F07-F78F7EFA6B2D}.Release|Any CPU.Build.0 = Release|Any CPU
		{A93D0F03-61E7-4116-B6CD-9443A84BBA40}.Debug|Any CPU.ActiveCfg = Debug|Any CPU
		{A93D0F03-61E7-4116-B6CD-9443A84BBA40}.Debug|Any CPU.Build.0 = Debug|Any CPU
		{A93D0F03-61E7-4116-B6CD-9443A84BBA40}.Release|Any CPU.ActiveCfg = Release|Any CPU
		{A93D0F03-61E7-4116-B6CD-9443A84BBA40}.Release|Any CPU.Build.0 = Release|Any CPU
		{47BB6C41-32B4-49B3-A2D6-6462AC86835B}.Debug|Any CPU.ActiveCfg = Debug|Any CPU
		{47BB6C41-32B4-49B3-A2D6-6462AC86835B}.Debug|Any CPU.Build.0 = Debug|Any CPU
		{47BB6C41-32B4-49B3-A2D6-6462AC86835B}.Release|Any CPU.ActiveCfg = Release|Any CPU
		{47BB6C41-32B4-49B3-A2D6-6462AC86835B}.Release|Any CPU.Build.0 = Release|Any CPU
		{61F271A0-4EC7-497C-B4A8-42C860CD1DE6}.Debug|Any CPU.ActiveCfg = Debug|Any CPU
		{61F271A0-4EC7-497C-B4A8-42C860CD1DE6}.Debug|Any CPU.Build.0 = Debug|Any CPU
		{61F271A0-4EC7-497C-B4A8-42C860CD1DE6}.Release|Any CPU.ActiveCfg = Release|Any CPU
		{61F271A0-4EC7-497C-B4A8-42C860CD1DE6}.Release|Any CPU.Build.0 = Release|Any CPU
		{0EE541F6-A193-4C62-B91A-89F87597897B}.Debug|Any CPU.ActiveCfg = Debug|Any CPU
		{0EE541F6-A193-4C62-B91A-89F87597897B}.Debug|Any CPU.Build.0 = Debug|Any CPU
		{0EE541F6-A193-4C62-B91A-89F87597897B}.Release|Any CPU.ActiveCfg = Release|Any CPU
		{0EE541F6-A193-4C62-B91A-89F87597897B}.Release|Any CPU.Build.0 = Release|Any CPU
	EndGlobalSection
	GlobalSection(SolutionProperties) = preSolution
		HideSolutionNode = FALSE
	EndGlobalSection
EndGlobal
